
Microsoft Visual Studio Solution File, Format Version 12.00
# Visual Studio 14
VisualStudioVersion = 14.0.25420.1
MinimumVisualStudioVersion = 10.0.40219.1
Project("{FAE04EC0-301F-11D3-BF4B-00C04F79EFBC}") = "Ex04.Menus. Interfaces", "Ex04.Menus. Interfaces\Ex04.Menus. Interfaces.csproj", "{A94C60AD-91A5-439A-88CA-49AA2D3069E8}"
EndProject
Project("{FAE04EC0-301F-11D3-BF4B-00C04F79EFBC}") = "Ex04.Menus.Test", "Ex04.Menus.Test\Ex04.Menus.Test.csproj", "{8F7F3FF1-36EB-4A66-B7DA-5129FFEC6C9A}"
EndProject
Project("{FAE04EC0-301F-11D3-BF4B-00C04F79EFBC}") = "Ex04.Menus.Delegates", "Ex04.Menus.Delegates\Ex04.Menus.Delegates.csproj", "{675FC1AA-3321-4C1E-918C-BDD6B70128A9}"
EndProject
Project("{2150E333-8FDC-42A3-9474-1A3956D46DE8}") = "Solution Items", "Solution Items", "{04EB9782-E59B-46F7-A9D4-6CC320F1EF70}"
	ProjectSection(SolutionItems) = preProject
		..\..\..\..\Desktop\C#\תרגיל 4\הגשה סופית\B18 Ex04 EyalDouwma 321149296 DanielToledano 311250336\Exercise Checking Report.txt = ..\..\..\..\Desktop\C#\תרגיל 4\הגשה סופית\B18 Ex04 EyalDouwma 321149296 DanielToledano 311250336\Exercise Checking Report.txt
	EndProjectSection
EndProject
Global
	GlobalSection(SolutionConfigurationPlatforms) = preSolution
		Debug|Any CPU = Debug|Any CPU
		Release|Any CPU = Release|Any CPU
	EndGlobalSection
	GlobalSection(ProjectConfigurationPlatforms) = postSolution
		{A94C60AD-91A5-439A-88CA-49AA2D3069E8}.Debug|Any CPU.ActiveCfg = Debug|Any CPU
		{A94C60AD-91A5-439A-88CA-49AA2D3069E8}.Debug|Any CPU.Build.0 = Debug|Any CPU
		{A94C60AD-91A5-439A-88CA-49AA2D3069E8}.Release|Any CPU.ActiveCfg = Release|Any CPU
		{A94C60AD-91A5-439A-88CA-49AA2D3069E8}.Release|Any CPU.Build.0 = Release|Any CPU
		{8F7F3FF1-36EB-4A66-B7DA-5129FFEC6C9A}.Debug|Any CPU.ActiveCfg = Debug|Any CPU
		{8F7F3FF1-36EB-4A66-B7DA-5129FFEC6C9A}.Debug|Any CPU.Build.0 = Debug|Any CPU
		{8F7F3FF1-36EB-4A66-B7DA-5129FFEC6C9A}.Release|Any CPU.ActiveCfg = Release|Any CPU
		{8F7F3FF1-36EB-4A66-B7DA-5129FFEC6C9A}.Release|Any CPU.Build.0 = Release|Any CPU
		{675FC1AA-3321-4C1E-918C-BDD6B70128A9}.Debug|Any CPU.ActiveCfg = Debug|Any CPU
		{675FC1AA-3321-4C1E-918C-BDD6B70128A9}.Debug|Any CPU.Build.0 = Debug|Any CPU
		{675FC1AA-3321-4C1E-918C-BDD6B70128A9}.Release|Any CPU.ActiveCfg = Release|Any CPU
		{675FC1AA-3321-4C1E-918C-BDD6B70128A9}.Release|Any CPU.Build.0 = Release|Any CPU
	EndGlobalSection
	GlobalSection(SolutionProperties) = preSolution
		HideSolutionNode = FALSE
	EndGlobalSection
EndGlobal
